# THIS IS AN AUTOGENERATED FILE. DO NOT EDIT THIS FILE DIRECTLY.
# yarn lockfile v1


"@types/dat.gui@^0.7.5":
  version "0.7.5"
  resolved "https://registry.yarnpkg.com/@types/dat.gui/-/dat.gui-0.7.5.tgz#8f4f87300ae553a57b246a7bf1b9fe5e13ca8b79"
  integrity sha512-5AqLThlTiuDSOZA7XZFogRj/UdGKn/iIfdFPuh37kY4s7TjTt+YUOlUmcCrY6wAYFFyThtt2z8qZlYcdkhJZ5w==

"@types/node@*":
  version "13.7.4"
  resolved "https://registry.yarnpkg.com/@types/node/-/node-13.7.4.tgz#76c3cb3a12909510f52e5dc04a6298cdf9504ffd"
  integrity sha512-oVeL12C6gQS/GAExndigSaLxTrKpQPxewx9bOcwfvJiJge4rr7wNaph4J+ns5hrmIV2as5qxqN8YKthn9qh0jw==

"@types/ws@^7.2.1":
  version "7.2.1"
  resolved "https://registry.yarnpkg.com/@types/ws/-/ws-7.2.1.tgz#b800f2b8aee694e2b581113643e20d79dd3b8556"
  integrity sha512-UEmRNbXFGvfs/sLncf01GuVv6U1mZP3Df0iXWx4kUlikJxbFyFADp95mDn1XDTE2mXpzzoHcKlfFcbytLq4vaA==
  dependencies:
    "@types/node" "*"

dat.gui@^0.7.6:
  version "0.7.6"
  resolved "https://registry.yarnpkg.com/dat.gui/-/dat.gui-0.7.6.tgz#92182a0f2dc96c26910f888238d3839166d82f76"
  integrity sha512-9Uqr4aQUvp9q5P2b4y6gK604HXafubOq578OmOS8mjrIkYrBP4EbQ9gz9YRXgyPh7aQi+b9H/jAG7EucmhYpSA==

three@^0.137.0:
  version "0.137.0"
  resolved "https://registry.yarnpkg.com/three/-/three-0.137.0.tgz#0ebd6ba66637a332c31f234bcdd35aeec071a6e3"
  integrity sha512-rzSDhia6cU35UCy6y+zEEws6vSgytfHqFMSaBvUcySgzwvDO6vETyswtSNi/+aVqJw8WLMwyT1mlQQ1T/dxxOA==

ws@^7.2.1:
  version "7.2.1"
  resolved "https://registry.yarnpkg.com/ws/-/ws-7.2.1.tgz#03ed52423cd744084b2cf42ed197c8b65a936b8e"
  integrity sha512-sucePNSafamSKoOqoNfBd8V0StlkzJKL2ZAhGQinCfNQ+oacw+Pk7lcdAElecBF2VkLNZRiIb5Oi1Q5lVUVt2A==
